Microsoft Visual Studio Solution File, Format Version 12.00
# Visual Studio Version 16
VisualStudioVersion = 16.0.29409.12
MinimumVisualStudioVersion = 10.0.40219.1
Project("{}") = ""

Project("{}") = "Solution Items", "Solution Items", "{}"
	ProjectSection(SolutionItems) = preProject
		
	EndProjectSection
EndProject  
Global
	GlobalSection(SolutionConfigurationPlatforms) = preSolution
		Debug|Any CPU = Debug|Any CPU
		Release|Any CPU = Release|Any CPU
	EndGlobalSection
	GlobalSection(ProjectConfigurationPlatforms) = postSolution
		{}.Debug|Any CPU.ActiveCfg = Debug|Any CPU
		{}.Debug|Any CPU.Build.0 = Debug|Any CPU
		{}.Release|Any CPU.ActiveCfg = Release|Any CPU
		{}.Release|Any CPU.Build.0 = Release|Any CPU
	EndGlobalSection
	GlobalSection(SolutionProperties) = preSolution
		HideSolutionNode = FALSE
	EndGlobalSection
	GlobalSection(NestedProjects) = preSolution
	EndGlobalSection
	GlobalSection(ExtensibilityGlobals) = postSolution
		SolutionGuid = {}
	EndGlobalSection
EndGlobal